
Microsoft Visual Studio Solution File, Format Version 12.00
# Visual Studio Version 16
VisualStudioVersion = 16.0.30907.101
MinimumVisualStudioVersion = 10.0.40219.1
Project("{FAE04EC0-301F-11D3-BF4B-00C04F79EFBC}") = "FizzBuzz", "FizzBuzz\FizzBuzz.csproj", "{6602381A-7744-4EAB-BBF2-F6118BEB995C}"
EndProject
Project("{FAE04EC0-301F-11D3-BF4B-00C04F79EFBC}") = "FizzBuzz.Tests", "FizzBuzz.Tests\FizzBuzz.Tests.csproj", "{CFBD6668-C5DE-475F-991F-6375B45F83CC}"
EndProject
Global
	GlobalSection(SolutionConfigurationPlatforms) = preSolution
		Debug|Any CPU = Debug|Any CPU
		Release|Any CPU = Release|Any CPU
	EndGlobalSection
	GlobalSection(ProjectConfigurationPlatforms) = postSolution
		{6602381A-7744-4EAB-BBF2-F6118BEB995C}.Debug|Any CPU.ActiveCfg = Debug|Any CPU
		{6602381A-7744-4EAB-BBF2-F6118BEB995C}.Debug|Any CPU.Build.0 = Debug|Any CPU
		{6602381A-7744-4EAB-BBF2-F6118BEB995C}.Release|Any CPU.ActiveCfg = Release|Any CPU
		{6602381A-7744-4EAB-BBF2-F6118BEB995C}.Release|Any CPU.Build.0 = Release|Any CPU
		{CFBD6668-C5DE-475F-991F-6375B45F83CC}.Debug|Any CPU.ActiveCfg = Debug|Any CPU
		{CFBD6668-C5DE-475F-991F-6375B45F83CC}.Debug|Any CPU.Build.0 = Debug|Any CPU
		{CFBD6668-C5DE-475F-991F-6375B45F83CC}.Release|Any CPU.ActiveCfg = Release|Any CPU
		{CFBD6668-C5DE-475F-991F-6375B45F83CC}.Release|Any CPU.Build.0 = Release|Any CPU
	EndGlobalSection
	GlobalSection(SolutionProperties) = preSolution
		HideSolutionNode = FALSE
	EndGlobalSection
	GlobalSection(ExtensibilityGlobals) = postSolution
		SolutionGuid = {4E580B01-9781-47B5-902F-CC3DF2004A73}
	EndGlobalSection
EndGlobal
